
Microsoft Visual Studio Solution File, Format Version 12.00
# Visual Studio 15
VisualStudioVersion = 15.0.27428.2043
MinimumVisualStudioVersion = 10.0.40219.1
Project("{9A19103F-16F7-4668-BE54-9A1E7A4F7556}") = "API", "API\API.csproj", "{7F545333-B69B-452A-B2C4-7840764F4198}"
EndProject
Global
	GlobalSection(SolutionConfigurationPlatforms) = preSolution
		Debug|Any CPU = Debug|Any CPU
		Release|Any CPU = Release|Any CPU
	EndGlobalSection
	GlobalSection(ProjectConfigurationPlatforms) = postSolution
		{7F545333-B69B-452A-B2C4-7840764F4198}.Debug|Any CPU.ActiveCfg = Debug|Any CPU
		{7F545333-B69B-452A-B2C4-7840764F4198}.Debug|Any CPU.Build.0 = Debug|Any CPU
		{7F545333-B69B-452A-B2C4-7840764F4198}.Release|Any CPU.ActiveCfg = Release|Any CPU
		{7F545333-B69B-452A-B2C4-7840764F4198}.Release|Any CPU.Build.0 = Release|Any CPU
	EndGlobalSection
	GlobalSection(SolutionProperties) = preSolution
		HideSolutionNode = FALSE
	EndGlobalSection
	GlobalSection(ExtensibilityGlobals) = postSolution
		SolutionGuid = {C4726347-1418-44EB-81DA-29ED4D36538F}
	EndGlobalSection
EndGlobal
